
Microsoft Visual Studio Solution File, Format Version 12.00
# Visual Studio 14
VisualStudioVersion = 14.0.25420.1
MinimumVisualStudioVersion = 10.0.40219.1
Project("{8BC9CEB8-8B4A-11D0-8D11-00A0C91BC942}") = "RedBlackTrees", "RedBlackTrees\RedBlackTrees.vcxproj", "{0B99DA98-E81C-40E4-99E6-E5B551BE06D2}"
EndProject
Project("{8BC9CEB8-8B4A-11D0-8D11-00A0C91BC942}") = "SearchTrees", "SearchTrees\SearchTrees.vcxproj", "{6127D25C-29C5-43B8-9A42-0F8F8B571CBD}"
EndProject
Project("{8BC9CEB8-8B4A-11D0-8D11-00A0C91BC942}") = "SplayTrees", "SplayTrees\SplayTrees.vcxproj", "{193F5B99-6975-4B32-A115-2CB77B60B909}"
EndProject
Project("{8BC9CEB8-8B4A-11D0-8D11-00A0C91BC942}") = "EggDropping", "EggDropping\EggDropping.vcxproj", "{474E44C7-E636-4977-B58C-2F54A84D3168}"
EndProject
Project("{8BC9CEB8-8B4A-11D0-8D11-00A0C91BC942}") = "LongestCommonSequence", "LongestCommonSequence\LongestCommonSequence.vcxproj", "{E4CCA283-C9A5-4537-9CCE-7C0A6E205BF0}"
EndProject
Project("{8BC9CEB8-8B4A-11D0-8D11-00A0C91BC942}") = "BTrees", "BTrees\BTrees.vcxproj", "{D0534412-66F4-4FD7-B452-2A837BF07671}"
EndProject
Project("{8BC9CEB8-8B4A-11D0-8D11-00A0C91BC942}") = "QuadTrees", "QuadTrees\QuadTrees.vcxproj", "{A9B86D83-7B1F-4FF4-AEE2-D2DD3972E0C8}"
EndProject
Project("{8BC9CEB8-8B4A-11D0-8D11-00A0C91BC942}") = "KDTrees", "KDTrees\KDTrees.vcxproj", "{7CC75D7C-9429-4F04-927B-EB330B679106}"
EndProject
Project("{8BC9CEB8-8B4A-11D0-8D11-00A0C91BC942}") = "NetworkFlow", "NetworkFlow\NetworkFlow.vcxproj", "{43EA13C0-1E63-4155-81A6-6A8B4CFA3935}"
EndProject
Project("{8BC9CEB8-8B4A-11D0-8D11-00A0C91BC942}") = "StronglyConnectedComponents", "StronglyConnectedComponents\StronglyConnectedComponents.vcxproj", "{1A59883A-032D-4493-B4A7-C6B4AFD72708}"
EndProject
Project("{8BC9CEB8-8B4A-11D0-8D11-00A0C91BC942}") = "BellmanFord", "BellmanFord\BellmanFord.vcxproj", "{E566E9B1-3846-4508-80CF-15B6E21E1BA5}"
EndProject
Project("{8BC9CEB8-8B4A-11D0-8D11-00A0C91BC942}") = "BinaryTries", "BinaryTrie\BinaryTrie.vcxproj", "{53E34005-268F-4D59-BA86-FF4D70230FCD}"
EndProject
Project("{8BC9CEB8-8B4A-11D0-8D11-00A0C91BC942}") = "PatriciaTries", "PatriciaTries\PatriciaTries.vcxproj", "{36973DFF-44A7-4A3D-84E0-4C4134B1DD44}"
EndProject
Project("{8BC9CEB8-8B4A-11D0-8D11-00A0C91BC942}") = "KnuthMorrisPratt", "KnuthMorrisPratt\KnuthMorrisPratt.vcxproj", "{986297F1-03D7-4528-9868-6FDFFA072905}"
EndProject
Global
	GlobalSection(SolutionConfigurationPlatforms) = preSolution
		Debug|Any CPU = Debug|Any CPU
		Debug|x64 = Debug|x64
		Debug|x86 = Debug|x86
		Release|Any CPU = Release|Any CPU
		Release|x64 = Release|x64
		Release|x86 = Release|x86
	EndGlobalSection
	GlobalSection(ProjectConfigurationPlatforms) = postSolution
		{0B99DA98-E81C-40E4-99E6-E5B551BE06D2}.Debug|Any CPU.ActiveCfg = Debug|Win32
		{0B99DA98-E81C-40E4-99E6-E5B551BE06D2}.Debug|x64.ActiveCfg = Debug|x64
		{0B99DA98-E81C-40E4-99E6-E5B551BE06D2}.Debug|x64.Build.0 = Debug|x64
		{0B99DA98-E81C-40E4-99E6-E5B551BE06D2}.Debug|x86.ActiveCfg = Debug|Win32
		{0B99DA98-E81C-40E4-99E6-E5B551BE06D2}.Debug|x86.Build.0 = Debug|Win32
		{0B99DA98-E81C-40E4-99E6-E5B551BE06D2}.Release|Any CPU.ActiveCfg = Release|Win32
		{0B99DA98-E81C-40E4-99E6-E5B551BE06D2}.Release|x64.ActiveCfg = Release|x64
		{0B99DA98-E81C-40E4-99E6-E5B551BE06D2}.Release|x64.Build.0 = Release|x64
		{0B99DA98-E81C-40E4-99E6-E5B551BE06D2}.Release|x86.ActiveCfg = Release|Win32
		{0B99DA98-E81C-40E4-99E6-E5B551BE06D2}.Release|x86.Build.0 = Release|Win32
		{6127D25C-29C5-43B8-9A42-0F8F8B571CBD}.Debug|Any CPU.ActiveCfg = Debug|Win32
		{6127D25C-29C5-43B8-9A42-0F8F8B571CBD}.Debug|x64.ActiveCfg = Debug|x64
		{6127D25C-29C5-43B8-9A42-0F8F8B571CBD}.Debug|x64.Build.0 = Debug|x64
		{6127D25C-29C5-43B8-9A42-0F8F8B571CBD}.Debug|x86.ActiveCfg = Debug|Win32
		{6127D25C-29C5-43B8-9A42-0F8F8B571CBD}.Debug|x86.Build.0 = Debug|Win32
		{6127D25C-29C5-43B8-9A42-0F8F8B571CBD}.Release|Any CPU.ActiveCfg = Release|Win32
		{6127D25C-29C5-43B8-9A42-0F8F8B571CBD}.Release|x64.ActiveCfg = Release|x64
		{6127D25C-29C5-43B8-9A42-0F8F8B571CBD}.Release|x64.Build.0 = Release|x64
		{6127D25C-29C5-43B8-9A42-0F8F8B571CBD}.Release|x86.ActiveCfg = Release|Win32
		{6127D25C-29C5-43B8-9A42-0F8F8B571CBD}.Release|x86.Build.0 = Release|Win32
		{193F5B99-6975-4B32-A115-2CB77B60B909}.Debug|Any CPU.ActiveCfg = Debug|Win32
		{193F5B99-6975-4B32-A115-2CB77B60B909}.Debug|x64.ActiveCfg = Debug|x64
		{193F5B99-6975-4B32-A115-2CB77B60B909}.Debug|x64.Build.0 = Debug|x64
		{193F5B99-6975-4B32-A115-2CB77B60B909}.Debug|x86.ActiveCfg = Debug|Win32
		{193F5B99-6975-4B32-A115-2CB77B60B909}.Debug|x86.Build.0 = Debug|Win32
		{193F5B99-6975-4B32-A115-2CB77B60B909}.Release|Any CPU.ActiveCfg = Release|Win32
		{193F5B99-6975-4B32-A115-2CB77B60B909}.Release|x64.ActiveCfg = Release|x64
		{193F5B99-6975-4B32-A115-2CB77B60B909}.Release|x64.Build.0 = Release|x64
		{193F5B99-6975-4B32-A115-2CB77B60B909}.Release|x86.ActiveCfg = Release|Win32
		{193F5B99-6975-4B32-A115-2CB77B60B909}.Release|x86.Build.0 = Release|Win32
		{474E44C7-E636-4977-B58C-2F54A84D3168}.Debug|Any CPU.ActiveCfg = Debug|Win32
		{474E44C7-E636-4977-B58C-2F54A84D3168}.Debug|x64.ActiveCfg = Debug|x64
		{474E44C7-E636-4977-B58C-2F54A84D3168}.Debug|x64.Build.0 = Debug|x64
		{474E44C7-E636-4977-B58C-2F54A84D3168}.Debug|x86.ActiveCfg = Debug|Win32
		{474E44C7-E636-4977-B58C-2F54A84D3168}.Debug|x86.Build.0 = Debug|Win32
		{474E44C7-E636-4977-B58C-2F54A84D3168}.Release|Any CPU.ActiveCfg = Release|Win32
		{474E44C7-E636-4977-B58C-2F54A84D3168}.Release|x64.ActiveCfg = Release|x64
		{474E44C7-E636-4977-B58C-2F54A84D3168}.Release|x64.Build.0 = Release|x64
		{474E44C7-E636-4977-B58C-2F54A84D3168}.Release|x86.ActiveCfg = Release|Win32
		{474E44C7-E636-4977-B58C-2F54A84D3168}.Release|x86.Build.0 = Release|Win32
		{E4CCA283-C9A5-4537-9CCE-7C0A6E205BF0}.Debug|Any CPU.ActiveCfg = Debug|Win32
		{E4CCA283-C9A5-4537-9CCE-7C0A6E205BF0}.Debug|x64.ActiveCfg = Debug|x64
		{E4CCA283-C9A5-4537-9CCE-7C0A6E205BF0}.Debug|x64.Build.0 = Debug|x64
		{E4CCA283-C9A5-4537-9CCE-7C0A6E205BF0}.Debug|x86.ActiveCfg = Debug|Win32
		{E4CCA283-C9A5-4537-9CCE-7C0A6E205BF0}.Debug|x86.Build.0 = Debug|Win32
		{E4CCA283-C9A5-4537-9CCE-7C0A6E205BF0}.Release|Any CPU.ActiveCfg = Release|Win32
		{E4CCA283-C9A5-4537-9CCE-7C0A6E205BF0}.Release|x64.ActiveCfg = Release|x64
		{E4CCA283-C9A5-4537-9CCE-7C0A6E205BF0}.Release|x64.Build.0 = Release|x64
		{E4CCA283-C9A5-4537-9CCE-7C0A6E205BF0}.Release|x86.ActiveCfg = Release|Win32
		{E4CCA283-C9A5-4537-9CCE-7C0A6E205BF0}.Release|x86.Build.0 = Release|Win32
		{D0534412-66F4-4FD7-B452-2A837BF07671}.Debug|Any CPU.ActiveCfg = Debug|Win32
		{D0534412-66F4-4FD7-B452-2A837BF07671}.Debug|x64.ActiveCfg = Debug|x64
		{D0534412-66F4-4FD7-B452-2A837BF07671}.Debug|x64.Build.0 = Debug|x64
		{D0534412-66F4-4FD7-B452-2A837BF07671}.Debug|x86.ActiveCfg = Debug|Win32
		{D0534412-66F4-4FD7-B452-2A837BF07671}.Debug|x86.Build.0 = Debug|Win32
		{D0534412-66F4-4FD7-B452-2A837BF07671}.Release|Any CPU.ActiveCfg = Release|Win32
		{D0534412-66F4-4FD7-B452-2A837BF07671}.Release|x64.ActiveCfg = Release|x64
		{D0534412-66F4-4FD7-B452-2A837BF07671}.Release|x64.Build.0 = Release|x64
		{D0534412-66F4-4FD7-B452-2A837BF07671}.Release|x86.ActiveCfg = Release|Win32
		{D0534412-66F4-4FD7-B452-2A837BF07671}.Release|x86.Build.0 = Release|Win32
		{A9B86D83-7B1F-4FF4-AEE2-D2DD3972E0C8}.Debug|Any CPU.ActiveCfg = Debug|Win32
		{A9B86D83-7B1F-4FF4-AEE2-D2DD3972E0C8}.Debug|x64.ActiveCfg = Debug|x64
		{A9B86D83-7B1F-4FF4-AEE2-D2DD3972E0C8}.Debug|x64.Build.0 = Debug|x64
		{A9B86D83-7B1F-4FF4-AEE2-D2DD3972E0C8}.Debug|x86.ActiveCfg = Debug|Win32
		{A9B86D83-7B1F-4FF4-AEE2-D2DD3972E0C8}.Debug|x86.Build.0 = Debug|Win32
		{A9B86D83-7B1F-4FF4-AEE2-D2DD3972E0C8}.Release|Any CPU.ActiveCfg = Release|Win32
		{A9B86D83-7B1F-4FF4-AEE2-D2DD3972E0C8}.Release|x64.ActiveCfg = Release|x64
		{A9B86D83-7B1F-4FF4-AEE2-D2DD3972E0C8}.Release|x64.Build.0 = Release|x64
		{A9B86D83-7B1F-4FF4-AEE2-D2DD3972E0C8}.Release|x86.ActiveCfg = Release|Win32
		{A9B86D83-7B1F-4FF4-AEE2-D2DD3972E0C8}.Release|x86.Build.0 = Release|Win32
		{7CC75D7C-9429-4F04-927B-EB330B679106}.Debug|Any CPU.ActiveCfg = Debug|Win32
		{7CC75D7C-9429-4F04-927B-EB330B679106}.Debug|x64.ActiveCfg = Debug|x64
		{7CC75D7C-9429-4F04-927B-EB330B679106}.Debug|x64.Build.0 = Debug|x64
		{7CC75D7C-9429-4F04-927B-EB330B679106}.Debug|x86.ActiveCfg = Debug|Win32
		{7CC75D7C-9429-4F04-927B-EB330B679106}.Debug|x86.Build.0 = Debug|Win32
		{7CC75D7C-9429-4F04-927B-EB330B679106}.Release|Any CPU.ActiveCfg = Release|Win32
		{7CC75D7C-9429-4F04-927B-EB330B679106}.Release|x64.ActiveCfg = Release|x64
		{7CC75D7C-9429-4F04-927B-EB330B679106}.Release|x64.Build.0 = Release|x64
		{7CC75D7C-9429-4F04-927B-EB330B679106}.Release|x86.ActiveCfg = Release|Win32
		{7CC75D7C-9429-4F04-927B-EB330B679106}.Release|x86.Build.0 = Release|Win32
		{43EA13C0-1E63-4155-81A6-6A8B4CFA3935}.Debug|Any CPU.ActiveCfg = Debug|Win32
		{43EA13C0-1E63-4155-81A6-6A8B4CFA3935}.Debug|x64.ActiveCfg = Debug|x64
		{43EA13C0-1E63-4155-81A6-6A8B4CFA3935}.Debug|x64.Build.0 = Debug|x64
		{43EA13C0-1E63-4155-81A6-6A8B4CFA3935}.Debug|x86.ActiveCfg = Debug|Win32
		{43EA13C0-1E63-4155-81A6-6A8B4CFA3935}.Debug|x86.Build.0 = Debug|Win32
		{43EA13C0-1E63-4155-81A6-6A8B4CFA3935}.Release|Any CPU.ActiveCfg = Release|Win32
		{43EA13C0-1E63-4155-81A6-6A8B4CFA3935}.Release|x64.ActiveCfg = Release|x64
		{43EA13C0-1E63-4155-81A6-6A8B4CFA3935}.Release|x64.Build.0 = Release|x64
		{43EA13C0-1E63-4155-81A6-6A8B4CFA3935}.Release|x86.ActiveCfg = Release|Win32
		{43EA13C0-1E63-4155-81A6-6A8B4CFA3935}.Release|x86.Build.0 = Release|Win32
		{1A59883A-032D-4493-B4A7-C6B4AFD72708}.Debug|Any CPU.ActiveCfg = Debug|Win32
		{1A59883A-032D-4493-B4A7-C6B4AFD72708}.Debug|x64.ActiveCfg = Debug|x64
		{1A59883A-032D-4493-B4A7-C6B4AFD72708}.Debug|x64.Build.0 = Debug|x64
		{1A59883A-032D-4493-B4A7-C6B4AFD72708}.Debug|x86.ActiveCfg = Debug|Win32
		{1A59883A-032D-4493-B4A7-C6B4AFD72708}.Debug|x86.Build.0 = Debug|Win32
		{1A59883A-032D-4493-B4A7-C6B4AFD72708}.Release|Any CPU.ActiveCfg = Release|Win32
		{1A59883A-032D-4493-B4A7-C6B4AFD72708}.Release|x64.ActiveCfg = Release|x64
		{1A59883A-032D-4493-B4A7-C6B4AFD72708}.Release|x64.Build.0 = Release|x64
		{1A59883A-032D-4493-B4A7-C6B4AFD72708}.Release|x86.ActiveCfg = Release|Win32
		{1A59883A-032D-4493-B4A7-C6B4AFD72708}.Release|x86.Build.0 = Release|Win32
		{E566E9B1-3846-4508-80CF-15B6E21E1BA5}.Debug|Any CPU.ActiveCfg = Debug|Win32
		{E566E9B1-3846-4508-80CF-15B6E21E1BA5}.Debug|x64.ActiveCfg = Debug|x64
		{E566E9B1-3846-4508-80CF-15B6E21E1BA5}.Debug|x64.Build.0 = Debug|x64
		{E566E9B1-3846-4508-80CF-15B6E21E1BA5}.Debug|x86.ActiveCfg = Debug|Win32
		{E566E9B1-3846-4508-80CF-15B6E21E1BA5}.Debug|x86.Build.0 = Debug|Win32
		{E566E9B1-3846-4508-80CF-15B6E21E1BA5}.Release|Any CPU.ActiveCfg = Release|Win32
		{E566E9B1-3846-4508-80CF-15B6E21E1BA5}.Release|x64.ActiveCfg = Release|x64
		{E566E9B1-3846-4508-80CF-15B6E21E1BA5}.Release|x64.Build.0 = Release|x64
		{E566E9B1-3846-4508-80CF-15B6E21E1BA5}.Release|x86.ActiveCfg = Release|Win32
		{E566E9B1-3846-4508-80CF-15B6E21E1BA5}.Release|x86.Build.0 = Release|Win32
		{53E34005-268F-4D59-BA86-FF4D70230FCD}.Debug|Any CPU.ActiveCfg = Debug|Win32
		{53E34005-268F-4D59-BA86-FF4D70230FCD}.Debug|x64.ActiveCfg = Debug|x64
		{53E34005-268F-4D59-BA86-FF4D70230FCD}.Debug|x64.Build.0 = Debug|x64
		{53E34005-268F-4D59-BA86-FF4D70230FCD}.Debug|x86.ActiveCfg = Debug|Win32
		{53E34005-268F-4D59-BA86-FF4D70230FCD}.Debug|x86.Build.0 = Debug|Win32
		{53E34005-268F-4D59-BA86-FF4D70230FCD}.Release|Any CPU.ActiveCfg = Release|Win32
		{53E34005-268F-4D59-BA86-FF4D70230FCD}.Release|x64.ActiveCfg = Release|x64
		{53E34005-268F-4D59-BA86-FF4D70230FCD}.Release|x64.Build.0 = Release|x64
		{53E34005-268F-4D59-BA86-FF4D70230FCD}.Release|x86.ActiveCfg = Release|Win32
		{53E34005-268F-4D59-BA86-FF4D70230FCD}.Release|x86.Build.0 = Release|Win32
		{36973DFF-44A7-4A3D-84E0-4C4134B1DD44}.Debug|Any CPU.ActiveCfg = Debug|Win32
		{36973DFF-44A7-4A3D-84E0-4C4134B1DD44}.Debug|x64.ActiveCfg = Debug|x64
		{36973DFF-44A7-4A3D-84E0-4C4134B1DD44}.Debug|x64.Build.0 = Debug|x64
		{36973DFF-44A7-4A3D-84E0-4C4134B1DD44}.Debug|x86.ActiveCfg = Debug|Win32
		{36973DFF-44A7-4A3D-84E0-4C4134B1DD44}.Debug|x86.Build.0 = Debug|Win32
		{36973DFF-44A7-4A3D-84E0-4C4134B1DD44}.Release|Any CPU.ActiveCfg = Release|Win32
		{36973DFF-44A7-4A3D-84E0-4C4134B1DD44}.Release|x64.ActiveCfg = Release|x64
		{36973DFF-44A7-4A3D-84E0-4C4134B1DD44}.Release|x64.Build.0 = Release|x64
		{36973DFF-44A7-4A3D-84E0-4C4134B1DD44}.Release|x86.ActiveCfg = Release|Win32
		{36973DFF-44A7-4A3D-84E0-4C4134B1DD44}.Release|x86.Build.0 = Release|Win32
		{986297F1-03D7-4528-9868-6FDFFA072905}.Debug|Any CPU.ActiveCfg = Debug|Win32
		{986297F1-03D7-4528-9868-6FDFFA072905}.Debug|x64.ActiveCfg = Debug|x64
		{986297F1-03D7-4528-9868-6FDFFA072905}.Debug|x64.Build.0 = Debug|x64
		{986297F1-03D7-4528-9868-6FDFFA072905}.Debug|x86.ActiveCfg = Debug|Win32
		{986297F1-03D7-4528-9868-6FDFFA072905}.Debug|x86.Build.0 = Debug|Win32
		{986297F1-03D7-4528-9868-6FDFFA072905}.Release|Any CPU.ActiveCfg = Release|Win32
		{986297F1-03D7-4528-9868-6FDFFA072905}.Release|x64.ActiveCfg = Release|x64
		{986297F1-03D7-4528-9868-6FDFFA072905}.Release|x64.Build.0 = Release|x64
		{986297F1-03D7-4528-9868-6FDFFA072905}.Release|x86.ActiveCfg = Release|Win32
		{986297F1-03D7-4528-9868-6FDFFA072905}.Release|x86.Build.0 = Release|Win32
	EndGlobalSection
	GlobalSection(SolutionProperties) = preSolution
		HideSolutionNode = FALSE
	EndGlobalSection
EndGlobal
